
Microsoft Visual Studio Solution File, Format Version 12.00
# Visual Studio Version 17
VisualStudioVersion = 17.0.31314.256
MinimumVisualStudioVersion = 10.0.40219.1
Project("{2150E333-8FDC-42A3-9474-1A3956D46DE8}") = "Engine", "Engine", "{94A6C6F3-99B3-346E-9557-ABF9D4064DBD}"
EndProject
Project("{2150E333-8FDC-42A3-9474-1A3956D46DE8}") = "Games", "Games", "{8E2F6A87-1826-34F4-940C-CC23A48F9FE4}"
EndProject
Project("{8BC9CEB8-8B4A-11D0-8D11-00A0C91BC942}") = "AirJet", "Intermediate\ProjectFiles\AirJet.vcxproj", "{B5A86696-D68D-4543-8755-364AE04E853F}"
EndProject
Project("{8BC9CEB8-8B4A-11D0-8D11-00A0C91BC942}") = "UE4", "Intermediate\ProjectFiles\UE4.vcxproj", "{6270DFBA-D152-45A8-B54E-A32E09353B8A}"
EndProject
Project("{2150E333-8FDC-42A3-9474-1A3956D46DE8}") = "Visualizers", "Visualizers", "{1CCEC849-CC72-4C59-8C36-2F7C38706D4C}"
	ProjectSection(SolutionItems) = preProject
		..\..\UnrealVer\UE_4.27\Engine\Extras\VisualStudioDebugging\UE4.natvis = ..\..\UnrealVer\UE_4.27\Engine\Extras\VisualStudioDebugging\UE4.natvis
	EndProjectSection
EndProject
Global
	GlobalSection(SolutionConfigurationPlatforms) = preSolution
		DebugGame Editor|Android = DebugGame Editor|Android
		DebugGame Editor|Win32 = DebugGame Editor|Win32
		DebugGame Editor|Win64 = DebugGame Editor|Win64
		DebugGame|Android = DebugGame|Android
		DebugGame|Win32 = DebugGame|Win32
		DebugGame|Win64 = DebugGame|Win64
		Development Editor|Android = Development Editor|Android
		Development Editor|Win32 = Development Editor|Win32
		Development Editor|Win64 = Development Editor|Win64
		Development|Android = Development|Android
		Development|Win32 = Development|Win32
		Development|Win64 = Development|Win64
		Shipping|Android = Shipping|Android
		Shipping|Win32 = Shipping|Win32
		Shipping|Win64 = Shipping|Win64
	EndGlobalSection
	# Visual Assist Section
	GlobalSection(44630d46-96b5-488c-8df926e21db8c1a3) = preSolution
		ueSolution=true
	EndGlobalSection
	GlobalSection(ProjectConfigurationPlatforms) = postSolution
		{B5A86696-D68D-4543-8755-364AE04E853F}.DebugGame Editor|Android.ActiveCfg = Invalid|Win32
		{B5A86696-D68D-4543-8755-364AE04E853F}.DebugGame Editor|Win32.ActiveCfg = Invalid|Win32
		{B5A86696-D68D-4543-8755-364AE04E853F}.DebugGame Editor|Win64.ActiveCfg = DebugGame_Editor|x64
		{B5A86696-D68D-4543-8755-364AE04E853F}.DebugGame Editor|Win64.Build.0 = DebugGame_Editor|x64
		{B5A86696-D68D-4543-8755-364AE04E853F}.DebugGame|Android.ActiveCfg = Android_DebugGame|Win32
		{B5A86696-D68D-4543-8755-364AE04E853F}.DebugGame|Android.Build.0 = Android_DebugGame|Win32
		{B5A86696-D68D-4543-8755-364AE04E853F}.DebugGame|Win32.ActiveCfg = DebugGame|Win32
		{B5A86696-D68D-4543-8755-364AE04E853F}.DebugGame|Win32.Build.0 = DebugGame|Win32
		{B5A86696-D68D-4543-8755-364AE04E853F}.DebugGame|Win64.ActiveCfg = DebugGame|x64
		{B5A86696-D68D-4543-8755-364AE04E853F}.DebugGame|Win64.Build.0 = DebugGame|x64
		{B5A86696-D68D-4543-8755-364AE04E853F}.Development Editor|Android.ActiveCfg = Invalid|Win32
		{B5A86696-D68D-4543-8755-364AE04E853F}.Development Editor|Win32.ActiveCfg = Invalid|Win32
		{B5A86696-D68D-4543-8755-364AE04E853F}.Development Editor|Win64.ActiveCfg = Development_Editor|x64
		{B5A86696-D68D-4543-8755-364AE04E853F}.Development Editor|Win64.Build.0 = Development_Editor|x64
		{B5A86696-D68D-4543-8755-364AE04E853F}.Development|Android.ActiveCfg = Android_Development|Win32
		{B5A86696-D68D-4543-8755-364AE04E853F}.Development|Android.Build.0 = Android_Development|Win32
		{B5A86696-D68D-4543-8755-364AE04E853F}.Development|Win32.ActiveCfg = Development|Win32
		{B5A86696-D68D-4543-8755-364AE04E853F}.Development|Win32.Build.0 = Development|Win32
		{B5A86696-D68D-4543-8755-364AE04E853F}.Development|Win64.ActiveCfg = Development|x64
		{B5A86696-D68D-4543-8755-364AE04E853F}.Development|Win64.Build.0 = Development|x64
		{B5A86696-D68D-4543-8755-364AE04E853F}.Shipping|Android.ActiveCfg = Android_Shipping|Win32
		{B5A86696-D68D-4543-8755-364AE04E853F}.Shipping|Android.Build.0 = Android_Shipping|Win32
		{B5A86696-D68D-4543-8755-364AE04E853F}.Shipping|Win32.ActiveCfg = Shipping|Win32
		{B5A86696-D68D-4543-8755-364AE04E853F}.Shipping|Win32.Build.0 = Shipping|Win32
		{B5A86696-D68D-4543-8755-364AE04E853F}.Shipping|Win64.ActiveCfg = Shipping|x64
		{B5A86696-D68D-4543-8755-364AE04E853F}.Shipping|Win64.Build.0 = Shipping|x64
		{6270DFBA-D152-45A8-B54E-A32E09353B8A}.DebugGame Editor|Android.ActiveCfg = BuiltWithUnrealBuildTool|Win32
		{6270DFBA-D152-45A8-B54E-A32E09353B8A}.DebugGame Editor|Win32.ActiveCfg = BuiltWithUnrealBuildTool|Win32
		{6270DFBA-D152-45A8-B54E-A32E09353B8A}.DebugGame Editor|Win64.ActiveCfg = BuiltWithUnrealBuildTool|Win32
		{6270DFBA-D152-45A8-B54E-A32E09353B8A}.DebugGame|Android.ActiveCfg = BuiltWithUnrealBuildTool|Win32
		{6270DFBA-D152-45A8-B54E-A32E09353B8A}.DebugGame|Win32.ActiveCfg = BuiltWithUnrealBuildTool|Win32
		{6270DFBA-D152-45A8-B54E-A32E09353B8A}.DebugGame|Win64.ActiveCfg = BuiltWithUnrealBuildTool|Win32
		{6270DFBA-D152-45A8-B54E-A32E09353B8A}.Development Editor|Android.ActiveCfg = BuiltWithUnrealBuildTool|Win32
		{6270DFBA-D152-45A8-B54E-A32E09353B8A}.Development Editor|Win32.ActiveCfg = BuiltWithUnrealBuildTool|Win32
		{6270DFBA-D152-45A8-B54E-A32E09353B8A}.Development Editor|Win64.ActiveCfg = BuiltWithUnrealBuildTool|Win32
		{6270DFBA-D152-45A8-B54E-A32E09353B8A}.Development|Android.ActiveCfg = BuiltWithUnrealBuildTool|Win32
		{6270DFBA-D152-45A8-B54E-A32E09353B8A}.Development|Win32.ActiveCfg = BuiltWithUnrealBuildTool|Win32
		{6270DFBA-D152-45A8-B54E-A32E09353B8A}.Development|Win64.ActiveCfg = BuiltWithUnrealBuildTool|Win32
		{6270DFBA-D152-45A8-B54E-A32E09353B8A}.Shipping|Android.ActiveCfg = BuiltWithUnrealBuildTool|Win32
		{6270DFBA-D152-45A8-B54E-A32E09353B8A}.Shipping|Win32.ActiveCfg = BuiltWithUnrealBuildTool|Win32
		{6270DFBA-D152-45A8-B54E-A32E09353B8A}.Shipping|Win64.ActiveCfg = BuiltWithUnrealBuildTool|Win32
	EndGlobalSection
	GlobalSection(SolutionProperties) = preSolution
		HideSolutionNode = FALSE
	EndGlobalSection
	GlobalSection(NestedProjects) = preSolution
		{6270DFBA-D152-45A8-B54E-A32E09353B8A} = {94A6C6F3-99B3-346E-9557-ABF9D4064DBD}
		{B5A86696-D68D-4543-8755-364AE04E853F} = {8E2F6A87-1826-34F4-940C-CC23A48F9FE4}
	EndGlobalSection
EndGlobal
